
Microsoft Visual Studio Solution File, Format Version 12.00
# Visual Studio Version 17
VisualStudioVersion = 17.0.31611.283
MinimumVisualStudioVersion = 10.0.40219.1
Project("{9A19103F-16F7-4668-BE54-9A1E7A4F7556}") = "MauiApp1", "MauiApp1\MauiApp1.csproj", "{EBE27042-4A3D-4426-8CAA-9E341627AFEE}"
EndProject
Project("{FAE04EC0-301F-11D3-BF4B-00C04F79EFBC}") = "MauiApp2", "MauiApp2\MauiApp2.csproj", "{208E7482-9EE6-46EA-8A62-6C5F4958FB08}"
EndProject
Global
	GlobalSection(SolutionConfigurationPlatforms) = preSolution
		Debug|Any CPU = Debug|Any CPU
		Release|Any CPU = Release|Any CPU
	EndGlobalSection
	GlobalSection(ProjectConfigurationPlatforms) = postSolution
		{EBE27042-4A3D-4426-8CAA-9E341627AFEE}.Debug|Any CPU.ActiveCfg = Debug|Any CPU
		{EBE27042-4A3D-4426-8CAA-9E341627AFEE}.Debug|Any CPU.Build.0 = Debug|Any CPU
		{EBE27042-4A3D-4426-8CAA-9E341627AFEE}.Debug|Any CPU.Deploy.0 = Debug|Any CPU
		{EBE27042-4A3D-4426-8CAA-9E341627AFEE}.Release|Any CPU.ActiveCfg = Release|Any CPU
		{EBE27042-4A3D-4426-8CAA-9E341627AFEE}.Release|Any CPU.Build.0 = Release|Any CPU
		{EBE27042-4A3D-4426-8CAA-9E341627AFEE}.Release|Any CPU.Deploy.0 = Release|Any CPU
		{208E7482-9EE6-46EA-8A62-6C5F4958FB08}.Debug|Any CPU.ActiveCfg = Debug|Any CPU
		{208E7482-9EE6-46EA-8A62-6C5F4958FB08}.Debug|Any CPU.Build.0 = Debug|Any CPU
		{208E7482-9EE6-46EA-8A62-6C5F4958FB08}.Debug|Any CPU.Deploy.0 = Debug|Any CPU
		{208E7482-9EE6-46EA-8A62-6C5F4958FB08}.Release|Any CPU.ActiveCfg = Release|Any CPU
		{208E7482-9EE6-46EA-8A62-6C5F4958FB08}.Release|Any CPU.Build.0 = Release|Any CPU
		{208E7482-9EE6-46EA-8A62-6C5F4958FB08}.Release|Any CPU.Deploy.0 = Release|Any CPU
	EndGlobalSection
	GlobalSection(SolutionProperties) = preSolution
		HideSolutionNode = FALSE
	EndGlobalSection
	GlobalSection(ExtensibilityGlobals) = postSolution
		SolutionGuid = {61F7FB11-1E47-470C-91E2-47F8143E1572}
	EndGlobalSection
EndGlobal
